// !$*UTF8*$!
{
	archiveVersion = 1;
	classes = {
	};
	objectVersion = 56;
	objects = {

/* Begin PBXBuildFile section */
		8C6337332B4484930022237B /* Apple_FrameworksApp.swift in Sources */ = {isa = PBXBuildFile; fileRef = 8C6337322B4484930022237B /* Apple_FrameworksApp.swift */; };
		8C6337352B4484930022237B /* ContentView.swift in Sources */ = {isa = PBXBuildFile; fileRef = 8C6337342B4484930022237B /* ContentView.swift */; };
		8C6337372B4484950022237B /* Assets.xcassets in Resources */ = {isa = PBXBuildFile; fileRef = 8C6337362B4484950022237B /* Assets.xcassets */; };
		8C63373A2B4484950022237B /* Preview Assets.xcassets in Resources */ = {isa = PBXBuildFile; fileRef = 8C6337392B4484950022237B /* Preview Assets.xcassets */; };
		8C6337412B4484E30022237B /* Framework.swift in Sources */ = {isa = PBXBuildFile; fileRef = 8C6337402B4484E30022237B /* Framework.swift */; };
		8C6337452B44B4690022237B /* FrameworkDetailView.swift in Sources */ = {isa = PBXBuildFile; fileRef = 8C6337442B44B4690022237B /* FrameworkDetailView.swift */; };
		8C6337472B451AA50022237B /* FrameworkGridViewModel.swift in Sources */ = {isa = PBXBuildFile; fileRef = 8C6337462B451AA50022237B /* FrameworkGridViewModel.swift */; };
		8C63374F2B453D200022237B /* SafariView.swift in Sources */ = {isa = PBXBuildFile; fileRef = 8C63374E2B453D200022237B /* SafariView.swift */; };
		8C6337512B4545C90022237B /* FrameworkTitleView.swift in Sources */ = {isa = PBXBuildFile; fileRef = 8C6337502B4545C90022237B /* FrameworkTitleView.swift */; };
		8C6337552B454CB40022237B /* xDismissButton.swift in Sources */ = {isa = PBXBuildFile; fileRef = 8C6337542B454CB30022237B /* xDismissButton.swift */; };
		8C6337572B454EDB0022237B /* AFButton.swift in Sources */ = {isa = PBXBuildFile; fileRef = 8C6337562B454EDB0022237B /* AFButton.swift */; };
/* End PBXBuildFile section */

/* Begin PBXFileReference section */
		8C63372F2B4484930022237B /* Apple_Frameworks.app */ = {isa = PBXFileReference; explicitFileType = wrapper.application; includeInIndex = 0; path = Apple_Frameworks.app; sourceTree = BUILT_PRODUCTS_DIR; };
		8C6337322B4484930022237B /* Apple_FrameworksApp.swift */ = {isa = PBXFileReference; lastKnownFileType = sourcecode.swift; path = Apple_FrameworksApp.swift; sourceTree = "<group>"; };
		8C6337342B4484930022237B /* ContentView.swift */ = {isa = PBXFileReference; lastKnownFileType = sourcecode.swift; path = ContentView.swift; sourceTree = "<group>"; };
		8C6337362B4484950022237B /* Assets.xcassets */ = {isa = PBXFileReference; lastKnownFileType = folder.assetcatalog; path = Assets.xcassets; sourceTree = "<group>"; };
		8C6337392B4484950022237B /* Preview Assets.xcassets */ = {isa = PBXFileReference; lastKnownFileType = folder.assetcatalog; path = "Preview Assets.xcassets"; sourceTree = "<group>"; };
		8C6337402B4484E30022237B /* Framework.swift */ = {isa = PBXFileReference; lastKnownFileType = sourcecode.swift; path = Framework.swift; sourceTree = "<group>"; };
		8C6337442B44B4690022237B /* FrameworkDetailView.swift */ = {isa = PBXFileReference; lastKnownFileType = sourcecode.swift; path = FrameworkDetailView.swift; sourceTree = "<group>"; };
		8C6337462B451AA50022237B /* FrameworkGridViewModel.swift */ = {isa = PBXFileReference; lastKnownFileType = sourcecode.swift; path = FrameworkGridViewModel.swift; sourceTree = "<group>"; };
		8C63374E2B453D200022237B /* SafariView.swift */ = {isa = PBXFileReference; lastKnownFileType = sourcecode.swift; path = SafariView.swift; sourceTree = "<group>"; };
		8C6337502B4545C90022237B /* FrameworkTitleView.swift */ = {isa = PBXFileReference; lastKnownFileType = sourcecode.swift; path = FrameworkTitleView.swift; sourceTree = "<group>"; };
		8C6337542B454CB30022237B /* xDismissButton.swift */ = {isa = PBXFileReference; lastKnownFileType = sourcecode.swift; path = xDismissButton.swift; sourceTree = "<group>"; };
		8C6337562B454EDB0022237B /* AFButton.swift */ = {isa = PBXFileReference; lastKnownFileType = sourcecode.swift; path = AFButton.swift; sourceTree = "<group>"; };
/* End PBXFileReference section */

/* Begin PBXFrameworksBuildPhase section */
		8C63372C2B4484930022237B /* Frameworks */ = {
			isa = PBXFrameworksBuildPhase;
			buildActionMask = 2147483647;
			files = (
			);
			runOnlyForDeploymentPostprocessing = 0;
		};
/* End PBXFrameworksBuildPhase section */

/* Begin PBXGroup section */
		8C6337262B4484930022237B = {
			isa = PBXGroup;
			children = (
				8C6337312B4484930022237B /* Apple_Frameworks */,
				8C6337302B4484930022237B /* Products */,
			);
			sourceTree = "<group>";
		};
		8C6337302B4484930022237B /* Products */ = {
			isa = PBXGroup;
			children = (
				8C63372F2B4484930022237B /* Apple_Frameworks.app */,
			);
			name = Products;
			sourceTree = "<group>";
		};
		8C6337312B4484930022237B /* Apple_Frameworks */ = {
			isa = PBXGroup;
			children = (
				8C63375F2B4556530022237B /* UIKit Components */,
				8C63375C2B4555FC0022237B /* Views */,
				8C63375B2B4555DE0022237B /* Model */,
				8C6337582B4554E10022237B /* Screens */,
				8C6337322B4484930022237B /* Apple_FrameworksApp.swift */,
				8C6337362B4484950022237B /* Assets.xcassets */,
				8C6337382B4484950022237B /* Preview Content */,
			);
			path = Apple_Frameworks;
			sourceTree = "<group>";
		};
		8C6337382B4484950022237B /* Preview Content */ = {
			isa = PBXGroup;
			children = (
				8C6337392B4484950022237B /* Preview Assets.xcassets */,
			);
			path = "Preview Content";
			sourceTree = "<group>";
		};
		8C6337582B4554E10022237B /* Screens */ = {
			isa = PBXGroup;
			children = (
				8C63375A2B4555920022237B /* FrameworkDetailView */,
				8C6337592B4554FB0022237B /* FrameworkGridView */,
			);
			path = Screens;
			sourceTree = "<group>";
		};
		8C6337592B4554FB0022237B /* FrameworkGridView */ = {
			isa = PBXGroup;
			children = (
				8C6337342B4484930022237B /* ContentView.swift */,
				8C6337462B451AA50022237B /* FrameworkGridViewModel.swift */,
			);
			path = FrameworkGridView;
			sourceTree = "<group>";
		};
		8C63375A2B4555920022237B /* FrameworkDetailView */ = {
			isa = PBXGroup;
			children = (
				8C6337442B44B4690022237B /* FrameworkDetailView.swift */,
			);
			path = FrameworkDetailView;
			sourceTree = "<group>";
		};
		8C63375B2B4555DE0022237B /* Model */ = {
			isa = PBXGroup;
			children = (
				8C6337402B4484E30022237B /* Framework.swift */,
			);
			path = Model;
			sourceTree = "<group>";
		};
		8C63375C2B4555FC0022237B /* Views */ = {
			isa = PBXGroup;
			children = (
				8C63375E2B4556270022237B /* View */,
				8C63375D2B45560A0022237B /* Buttons */,
			);
			path = Views;
			sourceTree = "<group>";
		};
		8C63375D2B45560A0022237B /* Buttons */ = {
			isa = PBXGroup;
			children = (
				8C6337562B454EDB0022237B /* AFButton.swift */,
				8C6337542B454CB30022237B /* xDismissButton.swift */,
			);
			path = Buttons;
			sourceTree = "<group>";
		};
		8C63375E2B4556270022237B /* View */ = {
			isa = PBXGroup;
			children = (
				8C6337502B4545C90022237B /* FrameworkTitleView.swift */,
			);
			path = View;
			sourceTree = "<group>";
		};
		8C63375F2B4556530022237B /* UIKit Components */ = {
			isa = PBXGroup;
			children = (
				8C63374E2B453D200022237B /* SafariView.swift */,
			);
			path = "UIKit Components";
			sourceTree = "<group>";
		};
/* End PBXGroup section */

/* Begin PBXNativeTarget section */
		8C63372E2B4484930022237B /* Apple_Frameworks */ = {
			isa = PBXNativeTarget;
			buildConfigurationList = 8C63373D2B4484950022237B /* Build configuration list for PBXNativeTarget "Apple_Frameworks" */;
			buildPhases = (
				8C63372B2B4484930022237B /* Sources */,
				8C63372C2B4484930022237B /* Frameworks */,
				8C63372D2B4484930022237B /* Resources */,
			);
			buildRules = (
			);
			dependencies = (
			);
			name = Apple_Frameworks;
			productName = Apple_Frameworks;
			productReference = 8C63372F2B4484930022237B /* Apple_Frameworks.app */;
			productType = "com.apple.product-type.application";
		};
/* End PBXNativeTarget section */

/* Begin PBXProject section */
		8C6337272B4484930022237B /* Project object */ = {
			isa = PBXProject;
			attributes = {
				BuildIndependentTargetsInParallel = 1;
				LastSwiftUpdateCheck = 1510;
				LastUpgradeCheck = 1510;
				TargetAttributes = {
					8C63372E2B4484930022237B = {
						CreatedOnToolsVersion = 15.1;
					};
				};
			};
			buildConfigurationList = 8C63372A2B4484930022237B /* Build configuration list for PBXProject "Apple_Frameworks" */;
			compatibilityVersion = "Xcode 14.0";
			developmentRegion = en;
			hasScannedForEncodings = 0;
			knownRegions = (
				en,
				Base,
			);
			mainGroup = 8C6337262B4484930022237B;
			productRefGroup = 8C6337302B4484930022237B /* Products */;
			projectDirPath = "";
			projectRoot = "";
			targets = (
				8C63372E2B4484930022237B /* Apple_Frameworks */,
			);
		};
/* End PBXProject section */

/* Begin PBXResourcesBuildPhase section */
		8C63372D2B4484930022237B /* Resources */ = {
			isa = PBXResourcesBuildPhase;
			buildActionMask = 2147483647;
			files = (
				8C63373A2B4484950022237B /* Preview Assets.xcassets in Resources */,
				8C6337372B4484950022237B /* Assets.xcassets in Resources */,
			);
			runOnlyForDeploymentPostprocessing = 0;
		};
/* End PBXResourcesBuildPhase section */

/* Begin PBXSourcesBuildPhase section */
		8C63372B2B4484930022237B /* Sources */ = {
			isa = PBXSourcesBuildPhase;
			buildActionMask = 2147483647;
			files = (
				8C6337452B44B4690022237B /* FrameworkDetailView.swift in Sources */,
				8C6337572B454EDB0022237B /* AFButton.swift in Sources */,
				8C6337352B4484930022237B /* ContentView.swift in Sources */,
				8C6337512B4545C90022237B /* FrameworkTitleView.swift in Sources */,
				8C6337472B451AA50022237B /* FrameworkGridViewModel.swift in Sources */,
				8C6337412B4484E30022237B /* Framework.swift in Sources */,
				8C63374F2B453D200022237B /* SafariView.swift in Sources */,
				8C6337332B4484930022237B /* Apple_FrameworksApp.swift in Sources */,
				8C6337552B454CB40022237B /* xDismissButton.swift in Sources */,
			);
			runOnlyForDeploymentPostprocessing = 0;
		};
/* End PBXSourcesBuildPhase section */

/* Begin XCBuildConfiguration section */
		8C63373B2B4484950022237B /* Debug */ = {
			isa = XCBuildConfiguration;
			buildSettings = {
				ALWAYS_SEARCH_USER_PATHS = NO;
				ASSETCATALOG_COMPILER_GENERATE_SWIFT_ASSET_SYMBOL_EXTENSIONS = YES;
				CLANG_ANALYZER_NONNULL = YES;
				CLANG_ANALYZER_NUMBER_OBJECT_CONVERSION = YES_AGGRESSIVE;
				CLANG_CXX_LANGUAGE_STANDARD = "gnu++20";
				CLANG_ENABLE_MODULES = YES;
				CLANG_ENABLE_OBJC_ARC = YES;
				CLANG_ENABLE_OBJC_WEAK = YES;
				CLANG_WARN_BLOCK_CAPTURE_AUTORELEASING = YES;
				CLANG_WARN_BOOL_CONVERSION = YES;
				CLANG_WARN_COMMA = YES;
				CLANG_WARN_CONSTANT_CONVERSION = YES;
				CLANG_WARN_DEPRECATED_OBJC_IMPLEMENTATIONS = YES;
				CLANG_WARN_DIRECT_OBJC_ISA_USAGE = YES_ERROR;
				CLANG_WARN_DOCUMENTATION_COMMENTS = YES;
				CLANG_WARN_EMPTY_BODY = YES;
				CLANG_WARN_ENUM_CONVERSION = YES;
				CLANG_WARN_INFINITE_RECURSION = YES;
				CLANG_WARN_INT_CONVERSION = YES;
				CLANG_WARN_NON_LITERAL_NULL_CONVERSION = YES;
				CLANG_WARN_OBJC_IMPLICIT_RETAIN_SELF = YES;
				CLANG_WARN_OBJC_LITERAL_CONVERSION = YES;
				CLANG_WARN_OBJC_ROOT_CLASS = YES_ERROR;
				CLANG_WARN_QUOTED_INCLUDE_IN_FRAMEWORK_HEADER = YES;
				CLANG_WARN_RANGE_LOOP_ANALYSIS = YES;
				CLANG_WARN_STRICT_PROTOTYPES = YES;
				CLANG_WARN_SUSPICIOUS_MOVE = YES;
				CLANG_WARN_UNGUARDED_AVAILABILITY = YES_AGGRESSIVE;
				CLANG_WARN_UNREACHABLE_CODE = YES;
				CLANG_WARN__DUPLICATE_METHOD_MATCH = YES;
				COPY_PHASE_STRIP = NO;
				DEBUG_INFORMATION_FORMAT = dwarf;
				ENABLE_STRICT_OBJC_MSGSEND = YES;
				ENABLE_TESTABILITY = YES;
				ENABLE_USER_SCRIPT_SANDBOXING = YES;
				GCC_C_LANGUAGE_STANDARD = gnu17;
				GCC_DYNAMIC_NO_PIC = NO;
				GCC_NO_COMMON_BLOCKS = YES;
				GCC_OPTIMIZATION_LEVEL = 0;
				GCC_PREPROCESSOR_DEFINITIONS = (
					"DEBUG=1",
					"$(inherited)",
				);
				GCC_WARN_64_TO_32_BIT_CONVERSION = YES;
				GCC_WARN_ABOUT_RETURN_TYPE = YES_ERROR;
				GCC_WARN_UNDECLARED_SELECTOR = YES;
				GCC_WARN_UNINITIALIZED_AUTOS = YES_AGGRESSIVE;
				GCC_WARN_UNUSED_FUNCTION = YES;
				GCC_WARN_UNUSED_VARIABLE = YES;
				IPHONEOS_DEPLOYMENT_TARGET = 17.2;
				LOCALIZATION_PREFERS_STRING_CATALOGS = YES;
				MTL_ENABLE_DEBUG_INFO = INCLUDE_SOURCE;
				MTL_FAST_MATH = YES;
				ONLY_ACTIVE_ARCH = YES;
				SDKROOT = iphoneos;
				SWIFT_ACTIVE_COMPILATION_CONDITIONS = "DEBUG $(inherited)";
				SWIFT_OPTIMIZATION_LEVEL = "-Onone";
			};
			name = Debug;
		};
		8C63373C2B4484950022237B /* Release */ = {
			isa = XCBuildConfiguration;
			buildSettings = {
				ALWAYS_SEARCH_USER_PATHS = NO;
				ASSETCATALOG_COMPILER_GENERATE_SWIFT_ASSET_SYMBOL_EXTENSIONS = YES;
				CLANG_ANALYZER_NONNULL = YES;
				CLANG_ANALYZER_NUMBER_OBJECT_CONVERSION = YES_AGGRESSIVE;
				CLANG_CXX_LANGUAGE_STANDARD = "gnu++20";
				CLANG_ENABLE_MODULES = YES;
				CLANG_ENABLE_OBJC_ARC = YES;
				CLANG_ENABLE_OBJC_WEAK = YES;
				CLANG_WARN_BLOCK_CAPTURE_AUTORELEASING = YES;
				CLANG_WARN_BOOL_CONVERSION = YES;
				CLANG_WARN_COMMA = YES;
				CLANG_WARN_CONSTANT_CONVERSION = YES;
				CLANG_WARN_DEPRECATED_OBJC_IMPLEMENTATIONS = YES;
				CLANG_WARN_DIRECT_OBJC_ISA_USAGE = YES_ERROR;
				CLANG_WARN_DOCUMENTATION_COMMENTS = YES;
				CLANG_WARN_EMPTY_BODY = YES;
				CLANG_WARN_ENUM_CONVERSION = YES;
				CLANG_WARN_INFINITE_RECURSION = YES;
				CLANG_WARN_INT_CONVERSION = YES;
				CLANG_WARN_NON_LITERAL_NULL_CONVERSION = YES;
				CLANG_WARN_OBJC_IMPLICIT_RETAIN_SELF = YES;
				CLANG_WARN_OBJC_LITERAL_CONVERSION = YES;
				CLANG_WARN_OBJC_ROOT_CLASS = YES_ERROR;
				CLANG_WARN_QUOTED_INCLUDE_IN_FRAMEWORK_HEADER = YES;
				CLANG_WARN_RANGE_LOOP_ANALYSIS = YES;
				CLANG_WARN_STRICT_PROTOTYPES = YES;
				CLANG_WARN_SUSPICIOUS_MOVE = YES;
				CLANG_WARN_UNGUARDED_AVAILABILITY = YES_AGGRESSIVE;
				CLANG_WARN_UNREACHABLE_CODE = YES;
				CLANG_WARN__DUPLICATE_METHOD_MATCH = YES;
				COPY_PHASE_STRIP = NO;
				DEBUG_INFORMATION_FORMAT = "dwarf-with-dsym";
				ENABLE_NS_ASSERTIONS = NO;
				ENABLE_STRICT_OBJC_MSGSEND = YES;
				ENABLE_USER_SCRIPT_SANDBOXING = YES;
				GCC_C_LANGUAGE_STANDARD = gnu17;
				GCC_NO_COMMON_BLOCKS = YES;
				GCC_WARN_64_TO_32_BIT_CONVERSION = YES;
				GCC_WARN_ABOUT_RETURN_TYPE = YES_ERROR;
				GCC_WARN_UNDECLARED_SELECTOR = YES;
				GCC_WARN_UNINITIALIZED_AUTOS = YES_AGGRESSIVE;
				GCC_WARN_UNUSED_FUNCTION = YES;
				GCC_WARN_UNUSED_VARIABLE = YES;
				IPHONEOS_DEPLOYMENT_TARGET = 17.2;
				LOCALIZATION_PREFERS_STRING_CATALOGS = YES;
				MTL_ENABLE_DEBUG_INFO = NO;
				MTL_FAST_MATH = YES;
				SDKROOT = iphoneos;
				SWIFT_COMPILATION_MODE = wholemodule;
				VALIDATE_PRODUCT = YES;
			};
			name = Release;
		};
		8C63373E2B4484950022237B /* Debug */ = {
			isa = XCBuildConfiguration;
			buildSettings = {
				ASSETCATALOG_COMPILER_APPICON_NAME = AppIcon;
				ASSETCATALOG_COMPILER_GLOBAL_ACCENT_COLOR_NAME = AccentColor;
				CODE_SIGN_STYLE = Automatic;
				CURRENT_PROJECT_VERSION = 1;
				DEVELOPMENT_ASSET_PATHS = "\"Apple_Frameworks/Preview Content\"";
				DEVELOPMENT_TEAM = R8CVVF4KQM;
				ENABLE_PREVIEWS = YES;
				GENERATE_INFOPLIST_FILE = YES;
				INFOPLIST_KEY_UIApplicationSceneManifest_Generation = YES;
				INFOPLIST_KEY_UIApplicationSupportsIndirectInputEvents = YES;
				INFOPLIST_KEY_UILaunchScreen_Generation = YES;
				INFOPLIST_KEY_UISupportedInterfaceOrientations_iPad = "UIInterfaceOrientationPortrait UIInterfaceOrientationPortraitUpsideDown UIInterfaceOrientationLandscapeLeft UIInterfaceOrientationLandscapeRight";
				INFOPLIST_KEY_UISupportedInterfaceOrientations_iPhone = "UIInterfaceOrientationPortrait UIInterfaceOrientationLandscapeLeft UIInterfaceOrientationLandscapeRight";
				LD_RUNPATH_SEARCH_PATHS = (
					"$(inherited)",
					"@executable_path/Frameworks",
				);
				MARKETING_VERSION = 1.0;
				PRODUCT_BUNDLE_IDENTIFIER = "jakuobobara.Apple-Frameworks";
				PRODUCT_NAME = "$(TARGET_NAME)";
				SWIFT_EMIT_LOC_STRINGS = YES;
				SWIFT_VERSION = 5.0;
				TARGETED_DEVICE_FAMILY = "1,2";
			};
			name = Debug;
		};
		8C63373F2B4484950022237B /* Release */ = {
			isa = XCBuildConfiguration;
			buildSettings = {
				ASSETCATALOG_COMPILER_APPICON_NAME = AppIcon;
				ASSETCATALOG_COMPILER_GLOBAL_ACCENT_COLOR_NAME = AccentColor;
				CODE_SIGN_STYLE = Automatic;
				CURRENT_PROJECT_VERSION = 1;
				DEVELOPMENT_ASSET_PATHS = "\"Apple_Frameworks/Preview Content\"";
				DEVELOPMENT_TEAM = R8CVVF4KQM;
				ENABLE_PREVIEWS = YES;
				GENERATE_INFOPLIST_FILE = YES;
				INFOPLIST_KEY_UIApplicationSceneManifest_Generation = YES;
				INFOPLIST_KEY_UIApplicationSupportsIndirectInputEvents = YES;
				INFOPLIST_KEY_UILaunchScreen_Generation = YES;
				INFOPLIST_KEY_UISupportedInterfaceOrientations_iPad = "UIInterfaceOrientationPortrait UIInterfaceOrientationPortraitUpsideDown UIInterfaceOrientationLandscapeLeft UIInterfaceOrientationLandscapeRight";
				INFOPLIST_KEY_UISupportedInterfaceOrientations_iPhone = "UIInterfaceOrientationPortrait UIInterfaceOrientationLandscapeLeft UIInterfaceOrientationLandscapeRight";
				LD_RUNPATH_SEARCH_PATHS = (
					"$(inherited)",
					"@executable_path/Frameworks",
				);
				MARKETING_VERSION = 1.0;
				PRODUCT_BUNDLE_IDENTIFIER = "jakuobobara.Apple-Frameworks";
				PRODUCT_NAME = "$(TARGET_NAME)";
				SWIFT_EMIT_LOC_STRINGS = YES;
				SWIFT_VERSION = 5.0;
				TARGETED_DEVICE_FAMILY = "1,2";
			};
			name = Release;
		};
/* End XCBuildConfiguration section */

/* Begin XCConfigurationList section */
		8C63372A2B4484930022237B /* Build configuration list for PBXProject "Apple_Frameworks" */ = {
			isa = XCConfigurationList;
			buildConfigurations = (
				8C63373B2B4484950022237B /* Debug */,
				8C63373C2B4484950022237B /* Release */,
			);
			defaultConfigurationIsVisible = 0;
			defaultConfigurationName = Release;
		};
		8C63373D2B4484950022237B /* Build configuration list for PBXNativeTarget "Apple_Frameworks" */ = {
			isa = XCConfigurationList;
			buildConfigurations = (
				8C63373E2B4484950022237B /* Debug */,
				8C63373F2B4484950022237B /* Release */,
			);
			defaultConfigurationIsVisible = 0;
			defaultConfigurationName = Release;
		};
/* End XCConfigurationList section */
	};
	rootObject = 8C6337272B4484930022237B /* Project object */;
}
